<?xml version="1.0" encoding="UTF-8" standalone="yes" ?>
<CodeBlocks_project_file>
	<FileVersion major="1" minor="6" />
	<Project>
		<Option title="Basic Logic Gate Simulator" />
		<Option pch_mode="2" />
		<Option compiler="gcc" />
		<Build>
			<Target title="Debug">
				<Option output="bin/Debug/Basic Logic Gate Simulator" prefix_auto="1" extension_auto="1" />
				<Option object_output="obj/Debug/" />
				<Option type="1" />
				<Option compiler="gcc" />
				<Compiler>
					<Add option="-g" />
					<Add directory="../Basic Logic Gate Simulator" />
				</Compiler>
			</Target>
			<Target title="Release">
				<Option output="bin/Release/Basic Logic Gate Simulator" prefix_auto="1" extension_auto="1" />
				<Option object_output="obj/Release/" />
				<Option type="1" />
				<Option compiler="gcc" />
				<Compiler>
					<Add option="-O2" />
					<Add directory="../Basic Logic Gate Simulator" />
				</Compiler>
				<Linker>
					<Add option="-s" />
				</Linker>
			</Target>
		</Build>
		<Compiler>
			<Add option="-Wall" />
			<Add option="-fexceptions" />
		</Compiler>
		<Unit filename="AndGate.cpp" />
		<Unit filename="AndGate.h" />
		<Unit filename="LogicComponent.cpp" />
		<Unit filename="LogicComponent.h" />
		<Unit filename="NotGate.cpp" />
		<Unit filename="NotGate.h" />
		<Unit filename="OrGate.cpp" />
		<Unit filename="OrGate.h" />
		<Unit filename="main.cpp" />
		<Extensions>
			<code_completion />
			<envvars />
			<debugger />
		</Extensions>
	</Project>
</CodeBlocks_project_file>
